
Microsoft Visual Studio Solution File, Format Version 12.00
# Visual Studio Version 17
VisualStudioVersion = 17.8.34525.116
MinimumVisualStudioVersion = 10.0.40219.1
Project("{FAE04EC0-301F-11D3-BF4B-00C04F79EFBC}") = "Inventory", "Inventory\Inventory.csproj", "{F59946F8-AB0B-496E-BC22-414CE5167224}"
EndProject
Global
	GlobalSection(SolutionConfigurationPlatforms) = preSolution
		Debug|Any CPU = Debug|Any CPU
		Release|Any CPU = Release|Any CPU
	EndGlobalSection
	GlobalSection(ProjectConfigurationPlatforms) = postSolution
		{F59946F8-AB0B-496E-BC22-414CE5167224}.Debug|Any CPU.ActiveCfg = Debug|Any CPU
		{F59946F8-AB0B-496E-BC22-414CE5167224}.Debug|Any CPU.Build.0 = Debug|Any CPU
		{F59946F8-AB0B-496E-BC22-414CE5167224}.Release|Any CPU.ActiveCfg = Release|Any CPU
		{F59946F8-AB0B-496E-BC22-414CE5167224}.Release|Any CPU.Build.0 = Release|Any CPU
	EndGlobalSection
	GlobalSection(SolutionProperties) = preSolution
		HideSolutionNode = FALSE
	EndGlobalSection
	GlobalSection(ExtensibilityGlobals) = postSolution
		SolutionGuid = {4DBFD140-FB28-498E-9046-F7CD29058B60}
	EndGlobalSection
EndGlobal
